// !$*UTF8*$!
{
	archiveVersion = 1;
	classes = {
	};
	objectVersion = 46;
	objects = {

/* Begin PBXBuildFile section */
		3F304D741618A70C003E14E1 /* UIKit.framework in Frameworks */ = {isa = PBXBuildFile; fileRef = 3F304D731618A70C003E14E1 /* UIKit.framework */; };
		3F304D761618A70C003E14E1 /* Foundation.framework in Frameworks */ = {isa = PBXBuildFile; fileRef = 3F304D751618A70C003E14E1 /* Foundation.framework */; };
		3F304D781618A70C003E14E1 /* CoreGraphics.framework in Frameworks */ = {isa = PBXBuildFile; fileRef = 3F304D771618A70C003E14E1 /* CoreGraphics.framework */; };
		3F304D7E1618A70C003E14E1 /* InfoPlist.strings in Resources */ = {isa = PBXBuildFile; fileRef = 3F304D7C1618A70C003E14E1 /* InfoPlist.strings */; };
		3F304D801618A70C003E14E1 /* main.m in Sources */ = {isa = PBXBuildFile; fileRef = 3F304D7F1618A70C003E14E1 /* main.m */; };
		3F304D841618A70C003E14E1 /* AppDelegate.m in Sources */ = {isa = PBXBuildFile; fileRef = 3F304D831618A70C003E14E1 /* AppDelegate.m */; };
		3F304D861618A70C003E14E1 /* Default.png in Resources */ = {isa = PBXBuildFile; fileRef = 3F304D851618A70C003E14E1 /* Default.png */; };
		3F304D881618A70C003E14E1 /* Default@2x.png in Resources */ = {isa = PBXBuildFile; fileRef = 3F304D871618A70C003E14E1 /* Default@2x.png */; };
		3F304D8A1618A70C003E14E1 /* Default-568h@2x.png in Resources */ = {isa = PBXBuildFile; fileRef = 3F304D891618A70C003E14E1 /* Default-568h@2x.png */; };
		3F304D8F1618A70C003E14E1 /* first.png in Resources */ = {isa = PBXBuildFile; fileRef = 3F304D8E1618A70C003E14E1 /* first.png */; };
		3F304D911618A70C003E14E1 /* first@2x.png in Resources */ = {isa = PBXBuildFile; fileRef = 3F304D901618A70C003E14E1 /* first@2x.png */; };
		3F304D941618A70C003E14E1 /* SecondViewController.m in Sources */ = {isa = PBXBuildFile; fileRef = 3F304D931618A70C003E14E1 /* SecondViewController.m */; };
		3F304D961618A70C003E14E1 /* second.png in Resources */ = {isa = PBXBuildFile; fileRef = 3F304D951618A70C003E14E1 /* second.png */; };
		3F304D981618A70C003E14E1 /* second@2x.png in Resources */ = {isa = PBXBuildFile; fileRef = 3F304D971618A70C003E14E1 /* second@2x.png */; };
		3F304D9E1618A70C003E14E1 /* SecondViewController.xib in Resources */ = {isa = PBXBuildFile; fileRef = 3F304D9C1618A70C003E14E1 /* SecondViewController.xib */; };
		3F304DB41618A91E003E14E1 /* DetailViewController.m in Sources */ = {isa = PBXBuildFile; fileRef = 3F304DA91618A91E003E14E1 /* DetailViewController.m */; };
		3F304DB51618A91E003E14E1 /* DetailViewController.xib in Resources */ = {isa = PBXBuildFile; fileRef = 3F304DAA1618A91E003E14E1 /* DetailViewController.xib */; };
		3F304DB61618A91E003E14E1 /* KenBurnsView.m in Sources */ = {isa = PBXBuildFile; fileRef = 3F304DAC1618A91E003E14E1 /* KenBurnsView.m */; settings = {COMPILER_FLAGS = "-fno-objc-arc"; }; };
		3F304DB71618A91E003E14E1 /* MainViewController.m in Sources */ = {isa = PBXBuildFile; fileRef = 3F304DAE1618A91E003E14E1 /* MainViewController.m */; };
		3F304DB81618A91E003E14E1 /* MotoSpeedConstants.m in Sources */ = {isa = PBXBuildFile; fileRef = 3F304DB01618A91E003E14E1 /* MotoSpeedConstants.m */; };
		3F304DB91618A91E003E14E1 /* MotoSpeedMainCell.m in Sources */ = {isa = PBXBuildFile; fileRef = 3F304DB21618A91E003E14E1 /* MotoSpeedMainCell.m */; };
		3F304DBA1618A91E003E14E1 /* MotoSpeedMainCell.xib in Resources */ = {isa = PBXBuildFile; fileRef = 3F304DB31618A91E003E14E1 /* MotoSpeedMainCell.xib */; };
		3F304DBE1618AA38003E14E1 /* MainViewController.xib in Resources */ = {isa = PBXBuildFile; fileRef = 3F304DBD1618AA38003E14E1 /* MainViewController.xib */; };
		3F304DC71618AB15003E14E1 /* QuartzCore.framework in Frameworks */ = {isa = PBXBuildFile; fileRef = 3F304DC61618AB15003E14E1 /* QuartzCore.framework */; };
		3F304DCB1618AB36003E14E1 /* bikes.json in Resources */ = {isa = PBXBuildFile; fileRef = 3F304DC81618AB36003E14E1 /* bikes.json */; };
		3F304DE61618ABB6003E14E1 /* apriliatuono1000r.jpeg in Resources */ = {isa = PBXBuildFile; fileRef = 3F304DCF1618ABB6003E14E1 /* apriliatuono1000r.jpeg */; };
		3F304DE71618ABB6003E14E1 /* benellitntr160.jpeg in Resources */ = {isa = PBXBuildFile; fileRef = 3F304DD01618ABB6003E14E1 /* benellitntr160.jpeg */; };
		3F304DE81618ABB6003E14E1 /* bimotadb6r.jpeg in Resources */ = {isa = PBXBuildFile; fileRef = 3F304DD11618ABB6003E14E1 /* bimotadb6r.jpeg */; };
		3F304DE91618ABB6003E14E1 /* buelllightningxb12Ssb.jpeg in Resources */ = {isa = PBXBuildFile; fileRef = 3F304DD21618ABB6003E14E1 /* buelllightningxb12Ssb.jpeg */; };
		3F304DEA1618ABB6003E14E1 /* ducatidiavelcarbon.jpeg in Resources */ = {isa = PBXBuildFile; fileRef = 3F304DD31618ABB6003E14E1 /* ducatidiavelcarbon.jpeg */; };
		3F304DEB1618ABB6003E14E1 /* ducatimonster1100evo.jpeg in Resources */ = {isa = PBXBuildFile; fileRef = 3F304DD41618ABB6003E14E1 /* ducatimonster1100evo.jpeg */; };
		3F304DEC1618ABB6003E14E1 /* ducatistreetfighters.jpeg in Resources */ = {isa = PBXBuildFile; fileRef = 3F304DD51618ABB6003E14E1 /* ducatistreetfighters.jpeg */; };
		3F304DED1618ABB6003E14E1 /* fionda1.jpeg in Resources */ = {isa = PBXBuildFile; fileRef = 3F304DD61618ABB6003E14E1 /* fionda1.jpeg */; };
		3F304DEE1618ABB6003E14E1 /* hondacb1000r.jpeg in Resources */ = {isa = PBXBuildFile; fileRef = 3F304DD71618ABB6003E14E1 /* hondacb1000r.jpeg */; };
		3F304DEF1618ABB6003E14E1 /* hondacbx1000.jpeg in Resources */ = {isa = PBXBuildFile; fileRef = 3F304DD81618ABB6003E14E1 /* hondacbx1000.jpeg */; };
		3F304DF01618ABB6003E14E1 /* kawasakiz1000.jpeg in Resources */ = {isa = PBXBuildFile; fileRef = 3F304DD91618ABB6003E14E1 /* kawasakiz1000.jpeg */; };
		3F304DF11618ABB6003E14E1 /* Moto-Speed-Detail-Fade.png in Resources */ = {isa = PBXBuildFile; fileRef = 3F304DDA1618ABB6003E14E1 /* Moto-Speed-Detail-Fade.png */; };
		3F304DF21618ABB6003E14E1 /* Moto-Speed-Detail-Fade@2x.png in Resources */ = {isa = PBXBuildFile; fileRef = 3F304DDB1618ABB6003E14E1 /* Moto-Speed-Detail-Fade@2x.png */; };
		3F304DF31618ABB6003E14E1 /* Moto-Speed-Drop-Shadow.png in Resources */ = {isa = PBXBuildFile; fileRef = 3F304DDC1618ABB6003E14E1 /* Moto-Speed-Drop-Shadow.png */; };
		3F304DF41618ABB6003E14E1 /* Moto-Speed-Drop-Shadow@2x.png in Resources */ = {isa = PBXBuildFile; fileRef = 3F304DDD1618ABB6003E14E1 /* Moto-Speed-Drop-Shadow@2x.png */; };
		3F304DF51618ABB6003E14E1 /* motofgrmidalu2500.jpeg in Resources */ = {isa = PBXBuildFile; fileRef = 3F304DDE1618ABB6003E14E1 /* motofgrmidalu2500.jpeg */; };
		3F304DF61618ABB6003E14E1 /* motoguzzigriso12008v.jpeg in Resources */ = {isa = PBXBuildFile; fileRef = 3F304DDF1618ABB6003E14E1 /* motoguzzigriso12008v.jpeg */; };
		3F304DF71618ABB6003E14E1 /* mvagustabrutale1090rr.jpeg in Resources */ = {isa = PBXBuildFile; fileRef = 3F304DE01618ABB6003E14E1 /* mvagustabrutale1090rr.jpeg */; };
		3F304DF81618ABB6003E14E1 /* ncrmacchianera.jpeg in Resources */ = {isa = PBXBuildFile; fileRef = 3F304DE11618ABB6003E14E1 /* ncrmacchianera.jpeg */; };
		3F304DF91618ABB6003E14E1 /* norton961commando.jpeg in Resources */ = {isa = PBXBuildFile; fileRef = 3F304DE21618ABB6003E14E1 /* norton961commando.jpeg */; };
		3F304DFA1618ABB6003E14E1 /* suzukisgsf1200bandit.jpeg in Resources */ = {isa = PBXBuildFile; fileRef = 3F304DE31618ABB6003E14E1 /* suzukisgsf1200bandit.jpeg */; };
		3F304DFB1618ABB6003E14E1 /* triumphspeedtriple.jpeg in Resources */ = {isa = PBXBuildFile; fileRef = 3F304DE41618ABB6003E14E1 /* triumphspeedtriple.jpeg */; };
		3F304DFC1618ABB6003E14E1 /* vyrus985.jpeg in Resources */ = {isa = PBXBuildFile; fileRef = 3F304DE51618ABB6003E14E1 /* vyrus985.jpeg */; };
		3F304DFE1618ABC0003E14E1 /* yamahafz1.jpeg in Resources */ = {isa = PBXBuildFile; fileRef = 3F304DFD1618ABC0003E14E1 /* yamahafz1.jpeg */; };
		3F304E021618ACB5003E14E1 /* CustomViewController.m in Sources */ = {isa = PBXBuildFile; fileRef = 3F304E001618ACB5003E14E1 /* CustomViewController.m */; };
		3F304E031618ACB5003E14E1 /* CustomViewController.xib in Resources */ = {isa = PBXBuildFile; fileRef = 3F304E011618ACB5003E14E1 /* CustomViewController.xib */; };
		3F304E051619B89A003E14E1 /* icon.png in Resources */ = {isa = PBXBuildFile; fileRef = 3F304E041619B89A003E14E1 /* icon.png */; };
		3F304E071619B89E003E14E1 /* icon@2x.png in Resources */ = {isa = PBXBuildFile; fileRef = 3F304E061619B89E003E14E1 /* icon@2x.png */; };
/* End PBXBuildFile section */

/* Begin PBXFileReference section */
		3F304D6F1618A70C003E14E1 /* MDF1 Week 2.app */ = {isa = PBXFileReference; explicitFileType = wrapper.application; includeInIndex = 0; path = "MDF1 Week 2.app"; sourceTree = BUILT_PRODUCTS_DIR; };
		3F304D731618A70C003E14E1 /* UIKit.framework */ = {isa = PBXFileReference; lastKnownFileType = wrapper.framework; name = UIKit.framework; path = System/Library/Frameworks/UIKit.framework; sourceTree = SDKROOT; };
		3F304D751618A70C003E14E1 /* Foundation.framework */ = {isa = PBXFileReference; lastKnownFileType = wrapper.framework; name = Foundation.framework; path = System/Library/Frameworks/Foundation.framework; sourceTree = SDKROOT; };
		3F304D771618A70C003E14E1 /* CoreGraphics.framework */ = {isa = PBXFileReference; lastKnownFileType = wrapper.framework; name = CoreGraphics.framework; path = System/Library/Frameworks/CoreGraphics.framework; sourceTree = SDKROOT; };
		3F304D7B1618A70C003E14E1 /* MDF1 Week 2-Info.plist */ = {isa = PBXFileReference; lastKnownFileType = text.plist.xml; path = "MDF1 Week 2-Info.plist"; sourceTree = "<group>"; };
		3F304D7D1618A70C003E14E1 /* en */ = {isa = PBXFileReference; lastKnownFileType = text.plist.strings; name = en; path = en.lproj/InfoPlist.strings; sourceTree = "<group>"; };
		3F304D7F1618A70C003E14E1 /* main.m */ = {isa = PBXFileReference; lastKnownFileType = sourcecode.c.objc; path = main.m; sourceTree = "<group>"; };
		3F304D811618A70C003E14E1 /* MDF1 Week 2-Prefix.pch */ = {isa = PBXFileReference; lastKnownFileType = sourcecode.c.h; path = "MDF1 Week 2-Prefix.pch"; sourceTree = "<group>"; };
		3F304D821618A70C003E14E1 /* AppDelegate.h */ = {isa = PBXFileReference; lastKnownFileType = sourcecode.c.h; path = AppDelegate.h; sourceTree = "<group>"; };
		3F304D831618A70C003E14E1 /* AppDelegate.m */ = {isa = PBXFileReference; lastKnownFileType = sourcecode.c.objc; path = AppDelegate.m; sourceTree = "<group>"; };
		3F304D851618A70C003E14E1 /* Default.png */ = {isa = PBXFileReference; lastKnownFileType = image.png; path = Default.png; sourceTree = "<group>"; };
		3F304D871618A70C003E14E1 /* Default@2x.png */ = {isa = PBXFileReference; lastKnownFileType = image.png; path = "Default@2x.png"; sourceTree = "<group>"; };
		3F304D891618A70C003E14E1 /* Default-568h@2x.png */ = {isa = PBXFileReference; lastKnownFileType = image.png; path = "Default-568h@2x.png"; sourceTree = "<group>"; };
		3F304D8E1618A70C003E14E1 /* first.png */ = {isa = PBXFileReference; lastKnownFileType = image.png; path = first.png; sourceTree = "<group>"; };
		3F304D901618A70C003E14E1 /* first@2x.png */ = {isa = PBXFileReference; lastKnownFileType = image.png; path = "first@2x.png"; sourceTree = "<group>"; };
		3F304D921618A70C003E14E1 /* SecondViewController.h */ = {isa = PBXFileReference; lastKnownFileType = sourcecode.c.h; path = SecondViewController.h; sourceTree = "<group>"; };
		3F304D931618A70C003E14E1 /* SecondViewController.m */ = {isa = PBXFileReference; lastKnownFileType = sourcecode.c.objc; path = SecondViewController.m; sourceTree = "<group>"; };
		3F304D951618A70C003E14E1 /* second.png */ = {isa = PBXFileReference; lastKnownFileType = image.png; path = second.png; sourceTree = "<group>"; };
		3F304D971618A70C003E14E1 /* second@2x.png */ = {isa = PBXFileReference; lastKnownFileType = image.png; path = "second@2x.png"; sourceTree = "<group>"; };
		3F304D9D1618A70C003E14E1 /* en */ = {isa = PBXFileReference; lastKnownFileType = file.xib; name = en; path = en.lproj/SecondViewController.xib; sourceTree = "<group>"; };
		3F304DA81618A91E003E14E1 /* DetailViewController.h */ = {isa = PBXFileReference; fileEncoding = 4; lastKnownFileType = sourcecode.c.h; name = DetailViewController.h; path = "Nav Controller Classes/DetailViewController.h"; sourceTree = "<group>"; };
		3F304DA91618A91E003E14E1 /* DetailViewController.m */ = {isa = PBXFileReference; fileEncoding = 4; lastKnownFileType = sourcecode.c.objc; name = DetailViewController.m; path = "Nav Controller Classes/DetailViewController.m"; sourceTree = "<group>"; };
		3F304DAA1618A91E003E14E1 /* DetailViewController.xib */ = {isa = PBXFileReference; fileEncoding = 4; lastKnownFileType = file.xib; name = DetailViewController.xib; path = "Nav Controller Classes/DetailViewController.xib"; sourceTree = "<group>"; };
		3F304DAB1618A91E003E14E1 /* KenBurnsView.h */ = {isa = PBXFileReference; fileEncoding = 4; lastKnownFileType = sourcecode.c.h; name = KenBurnsView.h; path = "MDF1 Week 2/Nav Controller Classes/KenBurnsView.h"; sourceTree = "<group>"; };
		3F304DAC1618A91E003E14E1 /* KenBurnsView.m */ = {isa = PBXFileReference; fileEncoding = 4; lastKnownFileType = sourcecode.c.objc; name = KenBurnsView.m; path = "MDF1 Week 2/Nav Controller Classes/KenBurnsView.m"; sourceTree = "<group>"; };
		3F304DAD1618A91E003E14E1 /* MainViewController.h */ = {isa = PBXFileReference; fileEncoding = 4; lastKnownFileType = sourcecode.c.h; name = MainViewController.h; path = "Nav Controller Classes/MainViewController.h"; sourceTree = "<group>"; };
		3F304DAE1618A91E003E14E1 /* MainViewController.m */ = {isa = PBXFileReference; fileEncoding = 4; lastKnownFileType = sourcecode.c.objc; name = MainViewController.m; path = "Nav Controller Classes/MainViewController.m"; sourceTree = "<group>"; };
		3F304DAF1618A91E003E14E1 /* MotoSpeedConstants.h */ = {isa = PBXFileReference; fileEncoding = 4; lastKnownFileType = sourcecode.c.h; name = MotoSpeedConstants.h; path = "Nav Controller Classes/MotoSpeedConstants.h"; sourceTree = "<group>"; };
		3F304DB01618A91E003E14E1 /* MotoSpeedConstants.m */ = {isa = PBXFileReference; fileEncoding = 4; lastKnownFileType = sourcecode.c.objc; name = MotoSpeedConstants.m; path = "Nav Controller Classes/MotoSpeedConstants.m"; sourceTree = "<group>"; };
		3F304DB11618A91E003E14E1 /* MotoSpeedMainCell.h */ = {isa = PBXFileReference; fileEncoding = 4; lastKnownFileType = sourcecode.c.h; name = MotoSpeedMainCell.h; path = "Nav Controller Classes/MotoSpeedMainCell.h"; sourceTree = "<group>"; };
		3F304DB21618A91E003E14E1 /* MotoSpeedMainCell.m */ = {isa = PBXFileReference; fileEncoding = 4; lastKnownFileType = sourcecode.c.objc; name = MotoSpeedMainCell.m; path = "Nav Controller Classes/MotoSpeedMainCell.m"; sourceTree = "<group>"; };
		3F304DB31618A91E003E14E1 /* MotoSpeedMainCell.xib */ = {isa = PBXFileReference; fileEncoding = 4; lastKnownFileType = file.xib; name = MotoSpeedMainCell.xib; path = "Nav Controller Classes/MotoSpeedMainCell.xib"; sourceTree = "<group>"; };
		3F304DBD1618AA38003E14E1 /* MainViewController.xib */ = {isa = PBXFileReference; fileEncoding = 4; lastKnownFileType = file.xib; name = MainViewController.xib; path = "Nav Controller Classes/MainViewController.xib"; sourceTree = "<group>"; };
		3F304DC61618AB15003E14E1 /* QuartzCore.framework */ = {isa = PBXFileReference; lastKnownFileType = wrapper.framework; name = QuartzCore.framework; path = System/Library/Frameworks/QuartzCore.framework; sourceTree = SDKROOT; };
		3F304DC81618AB36003E14E1 /* bikes.json */ = {isa = PBXFileReference; fileEncoding = 4; lastKnownFileType = text.json; path = bikes.json; sourceTree = "<group>"; };
		3F304DCF1618ABB6003E14E1 /* apriliatuono1000r.jpeg */ = {isa = PBXFileReference; lastKnownFileType = image.jpeg; name = apriliatuono1000r.jpeg; path = images/apriliatuono1000r.jpeg; sourceTree = "<group>"; };
		3F304DD01618ABB6003E14E1 /* benellitntr160.jpeg */ = {isa = PBXFileReference; lastKnownFileType = image.jpeg; name = benellitntr160.jpeg; path = images/benellitntr160.jpeg; sourceTree = "<group>"; };
		3F304DD11618ABB6003E14E1 /* bimotadb6r.jpeg */ = {isa = PBXFileReference; lastKnownFileType = image.jpeg; name = bimotadb6r.jpeg; path = images/bimotadb6r.jpeg; sourceTree = "<group>"; };
		3F304DD21618ABB6003E14E1 /* buelllightningxb12Ssb.jpeg */ = {isa = PBXFileReference; lastKnownFileType = image.jpeg; name = buelllightningxb12Ssb.jpeg; path = images/buelllightningxb12Ssb.jpeg; sourceTree = "<group>"; };
		3F304DD31618ABB6003E14E1 /* ducatidiavelcarbon.jpeg */ = {isa = PBXFileReference; lastKnownFileType = image.jpeg; name = ducatidiavelcarbon.jpeg; path = images/ducatidiavelcarbon.jpeg; sourceTree = "<group>"; };
		3F304DD41618ABB6003E14E1 /* ducatimonster1100evo.jpeg */ = {isa = PBXFileReference; lastKnownFileType = image.jpeg; name = ducatimonster1100evo.jpeg; path = images/ducatimonster1100evo.jpeg; sourceTree = "<group>"; };
		3F304DD51618ABB6003E14E1 /* ducatistreetfighters.jpeg */ = {isa = PBXFileReference; lastKnownFileType = image.jpeg; name = ducatistreetfighters.jpeg; path = images/ducatistreetfighters.jpeg; sourceTree = "<group>"; };
		3F304DD61618ABB6003E14E1 /* fionda1.jpeg */ = {isa = PBXFileReference; lastKnownFileType = image.jpeg; name = fionda1.jpeg; path = images/fionda1.jpeg; sourceTree = "<group>"; };
		3F304DD71618ABB6003E14E1 /* hondacb1000r.jpeg */ = {isa = PBXFileReference; lastKnownFileType = image.jpeg; name = hondacb1000r.jpeg; path = images/hondacb1000r.jpeg; sourceTree = "<group>"; };
		3F304DD81618ABB6003E14E1 /* hondacbx1000.jpeg */ = {isa = PBXFileReference; lastKnownFileType = image.jpeg; name = hondacbx1000.jpeg; path = images/hondacbx1000.jpeg; sourceTree = "<group>"; };
		3F304DD91618ABB6003E14E1 /* kawasakiz1000.jpeg */ = {isa = PBXFileReference; lastKnownFileType = image.jpeg; name = kawasakiz1000.jpeg; path = images/kawasakiz1000.jpeg; sourceTree = "<group>"; };
		3F304DDA1618ABB6003E14E1 /* Moto-Speed-Detail-Fade.png */ = {isa = PBXFileReference; lastKnownFileType = image.png; name = "Moto-Speed-Detail-Fade.png"; path = "images/Moto-Speed-Detail-Fade.png"; sourceTree = "<group>"; };
		3F304DDB1618ABB6003E14E1 /* Moto-Speed-Detail-Fade@2x.png */ = {isa = PBXFileReference; lastKnownFileType = image.png; name = "Moto-Speed-Detail-Fade@2x.png"; path = "images/Moto-Speed-Detail-Fade@2x.png"; sourceTree = "<group>"; };
		3F304DDC1618ABB6003E14E1 /* Moto-Speed-Drop-Shadow.png */ = {isa = PBXFileReference; lastKnownFileType = image.png; name = "Moto-Speed-Drop-Shadow.png"; path = "images/Moto-Speed-Drop-Shadow.png"; sourceTree = "<group>"; };
		3F304DDD1618ABB6003E14E1 /* Moto-Speed-Drop-Shadow@2x.png */ = {isa = PBXFileReference; lastKnownFileType = image.png; name = "Moto-Speed-Drop-Shadow@2x.png"; path = "images/Moto-Speed-Drop-Shadow@2x.png"; sourceTree = "<group>"; };
		3F304DDE1618ABB6003E14E1 /* motofgrmidalu2500.jpeg */ = {isa = PBXFileReference; lastKnownFileType = image.jpeg; name = motofgrmidalu2500.jpeg; path = images/motofgrmidalu2500.jpeg; sourceTree = "<group>"; };
		3F304DDF1618ABB6003E14E1 /* motoguzzigriso12008v.jpeg */ = {isa = PBXFileReference; lastKnownFileType = image.jpeg; name = motoguzzigriso12008v.jpeg; path = images/motoguzzigriso12008v.jpeg; sourceTree = "<group>"; };
		3F304DE01618ABB6003E14E1 /* mvagustabrutale1090rr.jpeg */ = {isa = PBXFileReference; lastKnownFileType = image.jpeg; name = mvagustabrutale1090rr.jpeg; path = images/mvagustabrutale1090rr.jpeg; sourceTree = "<group>"; };
		3F304DE11618ABB6003E14E1 /* ncrmacchianera.jpeg */ = {isa = PBXFileReference; lastKnownFileType = image.jpeg; name = ncrmacchianera.jpeg; path = images/ncrmacchianera.jpeg; sourceTree = "<group>"; };
		3F304DE21618ABB6003E14E1 /* norton961commando.jpeg */ = {isa = PBXFileReference; lastKnownFileType = image.jpeg; name = norton961commando.jpeg; path = images/norton961commando.jpeg; sourceTree = "<group>"; };
		3F304DE31618ABB6003E14E1 /* suzukisgsf1200bandit.jpeg */ = {isa = PBXFileReference; lastKnownFileType = image.jpeg; name = suzukisgsf1200bandit.jpeg; path = images/suzukisgsf1200bandit.jpeg; sourceTree = "<group>"; };
		3F304DE41618ABB6003E14E1 /* triumphspeedtriple.jpeg */ = {isa = PBXFileReference; lastKnownFileType = image.jpeg; name = triumphspeedtriple.jpeg; path = images/triumphspeedtriple.jpeg; sourceTree = "<group>"; };
		3F304DE51618ABB6003E14E1 /* vyrus985.jpeg */ = {isa = PBXFileReference; lastKnownFileType = image.jpeg; name = vyrus985.jpeg; path = images/vyrus985.jpeg; sourceTree = "<group>"; };
		3F304DFD1618ABC0003E14E1 /* yamahafz1.jpeg */ = {isa = PBXFileReference; lastKnownFileType = image.jpeg; name = yamahafz1.jpeg; path = images/yamahafz1.jpeg; sourceTree = "<group>"; };
		3F304DFF1618ACB5003E14E1 /* CustomViewController.h */ = {isa = PBXFileReference; fileEncoding = 4; lastKnownFileType = sourcecode.c.h; path = CustomViewController.h; sourceTree = "<group>"; };
		3F304E001618ACB5003E14E1 /* CustomViewController.m */ = {isa = PBXFileReference; fileEncoding = 4; lastKnownFileType = sourcecode.c.objc; path = CustomViewController.m; sourceTree = "<group>"; };
		3F304E011618ACB5003E14E1 /* CustomViewController.xib */ = {isa = PBXFileReference; fileEncoding = 4; lastKnownFileType = file.xib; path = CustomViewController.xib; sourceTree = "<group>"; };
		3F304E041619B89A003E14E1 /* icon.png */ = {isa = PBXFileReference; lastKnownFileType = image.png; name = icon.png; path = ../icon.png; sourceTree = "<group>"; };
		3F304E061619B89E003E14E1 /* icon@2x.png */ = {isa = PBXFileReference; lastKnownFileType = image.png; name = "icon@2x.png"; path = "../icon@2x.png"; sourceTree = "<group>"; };
/* End PBXFileReference section */

/* Begin PBXFrameworksBuildPhase section */
		3F304D6C1618A70C003E14E1 /* Frameworks */ = {
			isa = PBXFrameworksBuildPhase;
			buildActionMask = 2147483647;
			files = (
				3F304DC71618AB15003E14E1 /* QuartzCore.framework in Frameworks */,
				3F304D741618A70C003E14E1 /* UIKit.framework in Frameworks */,
				3F304D761618A70C003E14E1 /* Foundation.framework in Frameworks */,
				3F304D781618A70C003E14E1 /* CoreGraphics.framework in Frameworks */,
			);
			runOnlyForDeploymentPostprocessing = 0;
		};
/* End PBXFrameworksBuildPhase section */

/* Begin PBXGroup section */
		3F304D641618A70C003E14E1 = {
			isa = PBXGroup;
			children = (
				3F304DC61618AB15003E14E1 /* QuartzCore.framework */,
				3F304D791618A70C003E14E1 /* MDF1 Week 2 */,
				3F304D721618A70C003E14E1 /* Frameworks */,
				3F304D701618A70C003E14E1 /* Products */,
			);
			sourceTree = "<group>";
		};
		3F304D701618A70C003E14E1 /* Products */ = {
			isa = PBXGroup;
			children = (
				3F304D6F1618A70C003E14E1 /* MDF1 Week 2.app */,
			);
			name = Products;
			sourceTree = "<group>";
		};
		3F304D721618A70C003E14E1 /* Frameworks */ = {
			isa = PBXGroup;
			children = (
				3F304DBB1618A929003E14E1 /* Ken Burns View */,
				3F304D731618A70C003E14E1 /* UIKit.framework */,
				3F304D751618A70C003E14E1 /* Foundation.framework */,
				3F304D771618A70C003E14E1 /* CoreGraphics.framework */,
			);
			name = Frameworks;
			sourceTree = "<group>";
		};
		3F304D791618A70C003E14E1 /* MDF1 Week 2 */ = {
			isa = PBXGroup;
			children = (
				3F304DA51618A85F003E14E1 /* Classes */,
				3F304D7A1618A70C003E14E1 /* Supporting Files */,
			);
			path = "MDF1 Week 2";
			sourceTree = "<group>";
		};
		3F304D7A1618A70C003E14E1 /* Supporting Files */ = {
			isa = PBXGroup;
			children = (
				3F304DCE1618ABA9003E14E1 /* images */,
				3F304DC81618AB36003E14E1 /* bikes.json */,
				3F304E061619B89E003E14E1 /* icon@2x.png */,
				3F304E041619B89A003E14E1 /* icon.png */,
				3F304D8E1618A70C003E14E1 /* first.png */,
				3F304D901618A70C003E14E1 /* first@2x.png */,
				3F304D951618A70C003E14E1 /* second.png */,
				3F304D971618A70C003E14E1 /* second@2x.png */,
				3F304D7B1618A70C003E14E1 /* MDF1 Week 2-Info.plist */,
				3F304D7C1618A70C003E14E1 /* InfoPlist.strings */,
				3F304D7F1618A70C003E14E1 /* main.m */,
				3F304D811618A70C003E14E1 /* MDF1 Week 2-Prefix.pch */,
				3F304D851618A70C003E14E1 /* Default.png */,
				3F304D871618A70C003E14E1 /* Default@2x.png */,
				3F304D891618A70C003E14E1 /* Default-568h@2x.png */,
			);
			name = "Supporting Files";
			sourceTree = "<group>";
		};
		3F304DA41618A84F003E14E1 /* Tab 1 - Nav Controller */ = {
			isa = PBXGroup;
			children = (
				3F304DA81618A91E003E14E1 /* DetailViewController.h */,
				3F304DA91618A91E003E14E1 /* DetailViewController.m */,
				3F304DAA1618A91E003E14E1 /* DetailViewController.xib */,
				3F304DAD1618A91E003E14E1 /* MainViewController.h */,
				3F304DAE1618A91E003E14E1 /* MainViewController.m */,
				3F304DBD1618AA38003E14E1 /* MainViewController.xib */,
			);
			name = "Tab 1 - Nav Controller";
			sourceTree = "<group>";
		};
		3F304DA51618A85F003E14E1 /* Classes */ = {
			isa = PBXGroup;
			children = (
				3F304DBF1618AA61003E14E1 /* Constants */,
				3F304DA71618A897003E14E1 /* Application */,
				3F304DBC1618A94A003E14E1 /* Custom Cell's */,
				3F304DA61618A865003E14E1 /* ViewControllers */,
			);
			name = Classes;
			sourceTree = "<group>";
		};
		3F304DA61618A865003E14E1 /* ViewControllers */ = {
			isa = PBXGroup;
			children = (
				3F304DA41618A84F003E14E1 /* Tab 1 - Nav Controller */,
				3F304DC01618AA76003E14E1 /* Tab 2 - Table View */,
				3F304DC11618AA81003E14E1 /* Tab 3 - Custom */,
			);
			name = ViewControllers;
			sourceTree = "<group>";
		};
		3F304DA71618A897003E14E1 /* Application */ = {
			isa = PBXGroup;
			children = (
				3F304D821618A70C003E14E1 /* AppDelegate.h */,
				3F304D831618A70C003E14E1 /* AppDelegate.m */,
			);
			name = Application;
			sourceTree = "<group>";
		};
		3F304DBB1618A929003E14E1 /* Ken Burns View */ = {
			isa = PBXGroup;
			children = (
				3F304DAB1618A91E003E14E1 /* KenBurnsView.h */,
				3F304DAC1618A91E003E14E1 /* KenBurnsView.m */,
			);
			name = "Ken Burns View";
			sourceTree = "<group>";
		};
		3F304DBC1618A94A003E14E1 /* Custom Cell's */ = {
			isa = PBXGroup;
			children = (
				3F304DB11618A91E003E14E1 /* MotoSpeedMainCell.h */,
				3F304DB21618A91E003E14E1 /* MotoSpeedMainCell.m */,
				3F304DB31618A91E003E14E1 /* MotoSpeedMainCell.xib */,
			);
			name = "Custom Cell's";
			sourceTree = "<group>";
		};
		3F304DBF1618AA61003E14E1 /* Constants */ = {
			isa = PBXGroup;
			children = (
				3F304DAF1618A91E003E14E1 /* MotoSpeedConstants.h */,
				3F304DB01618A91E003E14E1 /* MotoSpeedConstants.m */,
			);
			name = Constants;
			sourceTree = "<group>";
		};
		3F304DC01618AA76003E14E1 /* Tab 2 - Table View */ = {
			isa = PBXGroup;
			children = (
				3F304D921618A70C003E14E1 /* SecondViewController.h */,
				3F304D931618A70C003E14E1 /* SecondViewController.m */,
				3F304D9C1618A70C003E14E1 /* SecondViewController.xib */,
			);
			name = "Tab 2 - Table View";
			sourceTree = "<group>";
		};
		3F304DC11618AA81003E14E1 /* Tab 3 - Custom */ = {
			isa = PBXGroup;
			children = (
				3F304DFF1618ACB5003E14E1 /* CustomViewController.h */,
				3F304E001618ACB5003E14E1 /* CustomViewController.m */,
				3F304E011618ACB5003E14E1 /* CustomViewController.xib */,
			);
			name = "Tab 3 - Custom";
			sourceTree = "<group>";
		};
		3F304DCE1618ABA9003E14E1 /* images */ = {
			isa = PBXGroup;
			children = (
				3F304DFD1618ABC0003E14E1 /* yamahafz1.jpeg */,
				3F304DCF1618ABB6003E14E1 /* apriliatuono1000r.jpeg */,
				3F304DD01618ABB6003E14E1 /* benellitntr160.jpeg */,
				3F304DD11618ABB6003E14E1 /* bimotadb6r.jpeg */,
				3F304DD21618ABB6003E14E1 /* buelllightningxb12Ssb.jpeg */,
				3F304DD31618ABB6003E14E1 /* ducatidiavelcarbon.jpeg */,
				3F304DD41618ABB6003E14E1 /* ducatimonster1100evo.jpeg */,
				3F304DD51618ABB6003E14E1 /* ducatistreetfighters.jpeg */,
				3F304DD61618ABB6003E14E1 /* fionda1.jpeg */,
				3F304DD71618ABB6003E14E1 /* hondacb1000r.jpeg */,
				3F304DD81618ABB6003E14E1 /* hondacbx1000.jpeg */,
				3F304DD91618ABB6003E14E1 /* kawasakiz1000.jpeg */,
				3F304DDA1618ABB6003E14E1 /* Moto-Speed-Detail-Fade.png */,
				3F304DDB1618ABB6003E14E1 /* Moto-Speed-Detail-Fade@2x.png */,
				3F304DDC1618ABB6003E14E1 /* Moto-Speed-Drop-Shadow.png */,
				3F304DDD1618ABB6003E14E1 /* Moto-Speed-Drop-Shadow@2x.png */,
				3F304DDE1618ABB6003E14E1 /* motofgrmidalu2500.jpeg */,
				3F304DDF1618ABB6003E14E1 /* motoguzzigriso12008v.jpeg */,
				3F304DE01618ABB6003E14E1 /* mvagustabrutale1090rr.jpeg */,
				3F304DE11618ABB6003E14E1 /* ncrmacchianera.jpeg */,
				3F304DE21618ABB6003E14E1 /* norton961commando.jpeg */,
				3F304DE31618ABB6003E14E1 /* suzukisgsf1200bandit.jpeg */,
				3F304DE41618ABB6003E14E1 /* triumphspeedtriple.jpeg */,
				3F304DE51618ABB6003E14E1 /* vyrus985.jpeg */,
			);
			name = images;
			sourceTree = "<group>";
		};
/* End PBXGroup section */

/* Begin PBXNativeTarget section */
		3F304D6E1618A70C003E14E1 /* MDF1 Week 2 */ = {
			isa = PBXNativeTarget;
			buildConfigurationList = 3F304DA11618A70C003E14E1 /* Build configuration list for PBXNativeTarget "MDF1 Week 2" */;
			buildPhases = (
				3F304D6B1618A70C003E14E1 /* Sources */,
				3F304D6C1618A70C003E14E1 /* Frameworks */,
				3F304D6D1618A70C003E14E1 /* Resources */,
			);
			buildRules = (
			);
			dependencies = (
			);
			name = "MDF1 Week 2";
			productName = "MDF1 Week 2";
			productReference = 3F304D6F1618A70C003E14E1 /* MDF1 Week 2.app */;
			productType = "com.apple.product-type.application";
		};
/* End PBXNativeTarget section */

/* Begin PBXProject section */
		3F304D661618A70C003E14E1 /* Project object */ = {
			isa = PBXProject;
			attributes = {
				LastUpgradeCheck = 0450;
				ORGANIZATIONNAME = "Jeremy Fox";
			};
			buildConfigurationList = 3F304D691618A70C003E14E1 /* Build configuration list for PBXProject "MDF1 Week 2" */;
			compatibilityVersion = "Xcode 3.2";
			developmentRegion = English;
			hasScannedForEncodings = 0;
			knownRegions = (
				en,
			);
			mainGroup = 3F304D641618A70C003E14E1;
			productRefGroup = 3F304D701618A70C003E14E1 /* Products */;
			projectDirPath = "";
			projectRoot = "";
			targets = (
				3F304D6E1618A70C003E14E1 /* MDF1 Week 2 */,
			);
		};
/* End PBXProject section */

/* Begin PBXResourcesBuildPhase section */
		3F304D6D1618A70C003E14E1 /* Resources */ = {
			isa = PBXResourcesBuildPhase;
			buildActionMask = 2147483647;
			files = (
				3F304D7E1618A70C003E14E1 /* InfoPlist.strings in Resources */,
				3F304D861618A70C003E14E1 /* Default.png in Resources */,
				3F304D881618A70C003E14E1 /* Default@2x.png in Resources */,
				3F304D8A1618A70C003E14E1 /* Default-568h@2x.png in Resources */,
				3F304D8F1618A70C003E14E1 /* first.png in Resources */,
				3F304D911618A70C003E14E1 /* first@2x.png in Resources */,
				3F304D961618A70C003E14E1 /* second.png in Resources */,
				3F304D981618A70C003E14E1 /* second@2x.png in Resources */,
				3F304D9E1618A70C003E14E1 /* SecondViewController.xib in Resources */,
				3F304DB51618A91E003E14E1 /* DetailViewController.xib in Resources */,
				3F304DBA1618A91E003E14E1 /* MotoSpeedMainCell.xib in Resources */,
				3F304DBE1618AA38003E14E1 /* MainViewController.xib in Resources */,
				3F304DCB1618AB36003E14E1 /* bikes.json in Resources */,
				3F304DE61618ABB6003E14E1 /* apriliatuono1000r.jpeg in Resources */,
				3F304DE71618ABB6003E14E1 /* benellitntr160.jpeg in Resources */,
				3F304DE81618ABB6003E14E1 /* bimotadb6r.jpeg in Resources */,
				3F304DE91618ABB6003E14E1 /* buelllightningxb12Ssb.jpeg in Resources */,
				3F304DEA1618ABB6003E14E1 /* ducatidiavelcarbon.jpeg in Resources */,
				3F304DEB1618ABB6003E14E1 /* ducatimonster1100evo.jpeg in Resources */,
				3F304DEC1618ABB6003E14E1 /* ducatistreetfighters.jpeg in Resources */,
				3F304DED1618ABB6003E14E1 /* fionda1.jpeg in Resources */,
				3F304DEE1618ABB6003E14E1 /* hondacb1000r.jpeg in Resources */,
				3F304DEF1618ABB6003E14E1 /* hondacbx1000.jpeg in Resources */,
				3F304DF01618ABB6003E14E1 /* kawasakiz1000.jpeg in Resources */,
				3F304DF11618ABB6003E14E1 /* Moto-Speed-Detail-Fade.png in Resources */,
				3F304DF21618ABB6003E14E1 /* Moto-Speed-Detail-Fade@2x.png in Resources */,
				3F304DF31618ABB6003E14E1 /* Moto-Speed-Drop-Shadow.png in Resources */,
				3F304DF41618ABB6003E14E1 /* Moto-Speed-Drop-Shadow@2x.png in Resources */,
				3F304DF51618ABB6003E14E1 /* motofgrmidalu2500.jpeg in Resources */,
				3F304DF61618ABB6003E14E1 /* motoguzzigriso12008v.jpeg in Resources */,
				3F304DF71618ABB6003E14E1 /* mvagustabrutale1090rr.jpeg in Resources */,
				3F304DF81618ABB6003E14E1 /* ncrmacchianera.jpeg in Resources */,
				3F304DF91618ABB6003E14E1 /* norton961commando.jpeg in Resources */,
				3F304DFA1618ABB6003E14E1 /* suzukisgsf1200bandit.jpeg in Resources */,
				3F304DFB1618ABB6003E14E1 /* triumphspeedtriple.jpeg in Resources */,
				3F304DFC1618ABB6003E14E1 /* vyrus985.jpeg in Resources */,
				3F304DFE1618ABC0003E14E1 /* yamahafz1.jpeg in Resources */,
				3F304E031618ACB5003E14E1 /* CustomViewController.xib in Resources */,
				3F304E051619B89A003E14E1 /* icon.png in Resources */,
				3F304E071619B89E003E14E1 /* icon@2x.png in Resources */,
			);
			runOnlyForDeploymentPostprocessing = 0;
		};
/* End PBXResourcesBuildPhase section */

/* Begin PBXSourcesBuildPhase section */
		3F304D6B1618A70C003E14E1 /* Sources */ = {
			isa = PBXSourcesBuildPhase;
			buildActionMask = 2147483647;
			files = (
				3F304D801618A70C003E14E1 /* main.m in Sources */,
				3F304D841618A70C003E14E1 /* AppDelegate.m in Sources */,
				3F304D941618A70C003E14E1 /* SecondViewController.m in Sources */,
				3F304DB41618A91E003E14E1 /* DetailViewController.m in Sources */,
				3F304DB61618A91E003E14E1 /* KenBurnsView.m in Sources */,
				3F304DB71618A91E003E14E1 /* MainViewController.m in Sources */,
				3F304DB81618A91E003E14E1 /* MotoSpeedConstants.m in Sources */,
				3F304DB91618A91E003E14E1 /* MotoSpeedMainCell.m in Sources */,
				3F304E021618ACB5003E14E1 /* CustomViewController.m in Sources */,
			);
			runOnlyForDeploymentPostprocessing = 0;
		};
/* End PBXSourcesBuildPhase section */

/* Begin PBXVariantGroup section */
		3F304D7C1618A70C003E14E1 /* InfoPlist.strings */ = {
			isa = PBXVariantGroup;
			children = (
				3F304D7D1618A70C003E14E1 /* en */,
			);
			name = InfoPlist.strings;
			sourceTree = "<group>";
		};
		3F304D9C1618A70C003E14E1 /* SecondViewController.xib */ = {
			isa = PBXVariantGroup;
			children = (
				3F304D9D1618A70C003E14E1 /* en */,
			);
			name = SecondViewController.xib;
			sourceTree = "<group>";
		};
/* End PBXVariantGroup section */

/* Begin XCBuildConfiguration section */
		3F304D9F1618A70C003E14E1 /* Debug */ = {
			isa = XCBuildConfiguration;
			buildSettings = {
				ALWAYS_SEARCH_USER_PATHS = NO;
				CLANG_CXX_LANGUAGE_STANDARD = "gnu++0x";
				CLANG_CXX_LIBRARY = "libc++";
				CLANG_ENABLE_OBJC_ARC = YES;
				CLANG_WARN_EMPTY_BODY = YES;
				CLANG_WARN__DUPLICATE_METHOD_MATCH = YES;
				"CODE_SIGN_IDENTITY[sdk=iphoneos*]" = "iPhone Developer";
				COPY_PHASE_STRIP = NO;
				GCC_C_LANGUAGE_STANDARD = gnu99;
				GCC_DYNAMIC_NO_PIC = NO;
				GCC_OPTIMIZATION_LEVEL = 0;
				GCC_PREPROCESSOR_DEFINITIONS = (
					"DEBUG=1",
					"$(inherited)",
				);
				GCC_SYMBOLS_PRIVATE_EXTERN = NO;
				GCC_WARN_ABOUT_RETURN_TYPE = YES;
				GCC_WARN_UNINITIALIZED_AUTOS = YES;
				GCC_WARN_UNUSED_VARIABLE = YES;
				IPHONEOS_DEPLOYMENT_TARGET = 6.0;
				SDKROOT = iphoneos;
			};
			name = Debug;
		};
		3F304DA01618A70C003E14E1 /* Release */ = {
			isa = XCBuildConfiguration;
			buildSettings = {
				ALWAYS_SEARCH_USER_PATHS = NO;
				CLANG_CXX_LANGUAGE_STANDARD = "gnu++0x";
				CLANG_CXX_LIBRARY = "libc++";
				CLANG_ENABLE_OBJC_ARC = YES;
				CLANG_WARN_EMPTY_BODY = YES;
				CLANG_WARN__DUPLICATE_METHOD_MATCH = YES;
				"CODE_SIGN_IDENTITY[sdk=iphoneos*]" = "iPhone Developer";
				COPY_PHASE_STRIP = YES;
				GCC_C_LANGUAGE_STANDARD = gnu99;
				GCC_WARN_ABOUT_RETURN_TYPE = YES;
				GCC_WARN_UNINITIALIZED_AUTOS = YES;
				GCC_WARN_UNUSED_VARIABLE = YES;
				IPHONEOS_DEPLOYMENT_TARGET = 6.0;
				OTHER_CFLAGS = "-DNS_BLOCK_ASSERTIONS=1";
				SDKROOT = iphoneos;
				VALIDATE_PRODUCT = YES;
			};
			name = Release;
		};
		3F304DA21618A70C003E14E1 /* Debug */ = {
			isa = XCBuildConfiguration;
			buildSettings = {
				GCC_PRECOMPILE_PREFIX_HEADER = YES;
				GCC_PREFIX_HEADER = "MDF1 Week 2/MDF1 Week 2-Prefix.pch";
				INFOPLIST_FILE = "MDF1 Week 2/MDF1 Week 2-Info.plist";
				PRODUCT_NAME = "$(TARGET_NAME)";
				WRAPPER_EXTENSION = app;
			};
			name = Debug;
		};
		3F304DA31618A70C003E14E1 /* Release */ = {
			isa = XCBuildConfiguration;
			buildSettings = {
				GCC_PRECOMPILE_PREFIX_HEADER = YES;
				GCC_PREFIX_HEADER = "MDF1 Week 2/MDF1 Week 2-Prefix.pch";
				INFOPLIST_FILE = "MDF1 Week 2/MDF1 Week 2-Info.plist";
				PRODUCT_NAME = "$(TARGET_NAME)";
				WRAPPER_EXTENSION = app;
			};
			name = Release;
		};
/* End XCBuildConfiguration section */

/* Begin XCConfigurationList section */
		3F304D691618A70C003E14E1 /* Build configuration list for PBXProject "MDF1 Week 2" */ = {
			isa = XCConfigurationList;
			buildConfigurations = (
				3F304D9F1618A70C003E14E1 /* Debug */,
				3F304DA01618A70C003E14E1 /* Release */,
			);
			defaultConfigurationIsVisible = 0;
			defaultConfigurationName = Release;
		};
		3F304DA11618A70C003E14E1 /* Build configuration list for PBXNativeTarget "MDF1 Week 2" */ = {
			isa = XCConfigurationList;
			buildConfigurations = (
				3F304DA21618A70C003E14E1 /* Debug */,
				3F304DA31618A70C003E14E1 /* Release */,
			);
			defaultConfigurationIsVisible = 0;
		};
/* End XCConfigurationList section */
	};
	rootObject = 3F304D661618A70C003E14E1 /* Project object */;
}
